
Microsoft Visual Studio Solution File, Format Version 12.00
# Visual Studio Version 17
VisualStudioVersion = 17.14.36119.2
MinimumVisualStudioVersion = 10.0.40219.1
Project("{FAE04EC0-301F-11D3-BF4B-00C04F79EFBC}") = "CuteSocialCards", "CuteSocialCards\CuteSocialCards.csproj", "{717DFFE7-2B46-4922-AE0A-8C988D1D028B}"
EndProject
Global
	GlobalSection(SolutionConfigurationPlatforms) = preSolution
		Debug|Any CPU = Debug|Any CPU
		Release|Any CPU = Release|Any CPU
	EndGlobalSection
	GlobalSection(ProjectConfigurationPlatforms) = postSolution
		{717DFFE7-2B46-4922-AE0A-8C988D1D028B}.Debug|Any CPU.ActiveCfg = Debug|Any CPU
		{717DFFE7-2B46-4922-AE0A-8C988D1D028B}.Debug|Any CPU.Build.0 = Debug|Any CPU
		{717DFFE7-2B46-4922-AE0A-8C988D1D028B}.Release|Any CPU.ActiveCfg = Release|Any CPU
		{717DFFE7-2B46-4922-AE0A-8C988D1D028B}.Release|Any CPU.Build.0 = Release|Any CPU
	EndGlobalSection
	GlobalSection(SolutionProperties) = preSolution
		HideSolutionNode = FALSE
	EndGlobalSection
	GlobalSection(ExtensibilityGlobals) = postSolution
		SolutionGuid = {B8595A2B-72FD-4F26-B2F2-86BE0C8C9F6F}
	EndGlobalSection
EndGlobal
